
Microsoft Visual Studio Solution File, Format Version 12.00
# Visual Studio Version 17
VisualStudioVersion = 17.3.32922.545
MinimumVisualStudioVersion = 10.0.40219.1
Project("{FAE04EC0-301F-11D3-BF4B-00C04F79EFBC}") = "RecapProject1", "RecapProject1\RecapProject1.csproj", "{9F81C700-730A-40FB-88DE-77FF2C342C3A}"
EndProject
Global
	GlobalSection(SolutionConfigurationPlatforms) = preSolution
		Debug|Any CPU = Debug|Any CPU
		Release|Any CPU = Release|Any CPU
	EndGlobalSection
	GlobalSection(ProjectConfigurationPlatforms) = postSolution
		{9F81C700-730A-40FB-88DE-77FF2C342C3A}.Debug|Any CPU.ActiveCfg = Debug|Any CPU
		{9F81C700-730A-40FB-88DE-77FF2C342C3A}.Debug|Any CPU.Build.0 = Debug|Any CPU
		{9F81C700-730A-40FB-88DE-77FF2C342C3A}.Release|Any CPU.ActiveCfg = Release|Any CPU
		{9F81C700-730A-40FB-88DE-77FF2C342C3A}.Release|Any CPU.Build.0 = Release|Any CPU
	EndGlobalSection
	GlobalSection(SolutionProperties) = preSolution
		HideSolutionNode = FALSE
	EndGlobalSection
	GlobalSection(ExtensibilityGlobals) = postSolution
		SolutionGuid = {532E4930-1164-4178-A5DC-EFF2D53AD993}
	EndGlobalSection
EndGlobal
